[0m[1mdocker_image.nginx: Refreshing state... [id=sha256:be69f2940aaf64fdf50c9c99420cbd57e10ee655ec7204df1c407e9af63d0cc1nginx:latest][0m
[0m[1mdocker_container.nginx: Refreshing state... [id=aa38c0ba0ec795de78be3174d0ff4e4d55e68ead6f054f36860e7173c97e9ee5][0m

[0m[1m[32mNo changes.[0m[1m Your infrastructure matches the configuration.[0m

[0mTerraform has compared your real infrastructure against your configuration
and found no differences, so no changes are needed.
[0m[1m[32m
Apply complete! Resources: 0 added, 0 changed, 0 destroyed.
[0m

Terraform used the selected providers to generate the following execution plan. Resource actions are indicated with the following symbols:
  + create

Terraform will perform the following actions:

  # docker_container.nginx will be created
  + resource "docker_container" "nginx" {
      + attach                                      = false
      + bridge                                      = (known after apply)
      + command                                     = (known after apply)
      + container_logs                              = (known after apply)
      + container_read_refresh_timeout_milliseconds = 15000
      + entrypoint                                  = (known after apply)
      + env                                         = (known after apply)
      + exit_code                                   = (known after apply)
      + hostname                                    = (known after apply)
      + id                                          = (known after apply)
      + image                                       = "nginx:latest"
      + init                                        = (known after apply)
      + ipc_mode                                    = (known after apply)
      + log_driver                                  = (known after apply)
      + logs                                        = false
      + must_run                                    = true
      + name                                        = "my-nginx"
      + network_data                                = (known after apply)
      + network_mode                                = "bridge"
      + read_only                                   = false
      + remove_volumes                              = true
      + restart                                     = "no"
      + rm                                          = false
      + runtime                                     = (known after apply)
      + security_opts                               = (known after apply)
      + shm_size                                    = (known after apply)
      + start                                       = true
      + stdin_open                                  = false
      + stop_signal                                 = (known after apply)
      + stop_timeout                                = (known after apply)
      + tty                                         = false
      + wait                                        = false
      + wait_timeout                                = 60

      + healthcheck (known after apply)

      + labels (known after apply)

      + ports {
          + external = 81
          + internal = 80
          + ip       = "0.0.0.0"
          + protocol = "tcp"
        }
    }

  # docker_image.nginx will be created
  + resource "docker_image" "nginx" {
      + id          = (known after apply)
      + image_id    = (known after apply)
      + name        = "nginx:latest"
      + repo_digest = (known after apply)
    }

Plan: 2 to add, 0 to change, 0 to destroy.

Do you want to perform these actions?
  Terraform will perform the actions described above.
  Only 'yes' will be accepted to approve.

  Enter a value: yes

docker_image.nginx: Creating...
docker_image.nginx: Still creating... [10s elapsed]
docker_image.nginx: Still creating... [20s elapsed]
docker_image.nginx: Still creating... [30s elapsed]
docker_image.nginx: Still creating... [40s elapsed]
docker_image.nginx: Still creating... [50s elapsed]
docker_image.nginx: Creation complete after 59s [id=sha256:be69f2940aaf64fdf50c9c99420cbd57e10ee655ec7204df1c407e9af63d0cc1nginx:latest]
docker_container.nginx: Creating...
docker_container.nginx: Creation complete after 3s [id=aa38c0ba0ec795de78be3174d0ff4e4d55e68ead6f054f36860e7173c97e9ee5]